
Microsoft Visual Studio Solution File, Format Version 12.00
# Visual Studio Version 17
VisualStudioVersion = 17.7.34009.444
MinimumVisualStudioVersion = 10.0.40219.1
Project("{FAE04EC0-301F-11D3-BF4B-00C04F79EFBC}") = "ConsoleApp3", "ConsoleApp3.csproj", "{D9989DDE-D911-4909-9D78-8BC56C421549}"
EndProject
Global
	GlobalSection(SolutionConfigurationPlatforms) = preSolution
		Debug|Any CPU = Debug|Any CPU
		Release|Any CPU = Release|Any CPU
	EndGlobalSection
	GlobalSection(ProjectConfigurationPlatforms) = postSolution
		{D9989DDE-D911-4909-9D78-8BC56C421549}.Debug|Any CPU.ActiveCfg = Debug|Any CPU
		{D9989DDE-D911-4909-9D78-8BC56C421549}.Debug|Any CPU.Build.0 = Debug|Any CPU
		{D9989DDE-D911-4909-9D78-8BC56C421549}.Release|Any CPU.ActiveCfg = Release|Any CPU
		{D9989DDE-D911-4909-9D78-8BC56C421549}.Release|Any CPU.Build.0 = Release|Any CPU
	EndGlobalSection
	GlobalSection(SolutionProperties) = preSolution
		HideSolutionNode = FALSE
	EndGlobalSection
	GlobalSection(ExtensibilityGlobals) = postSolution
		SolutionGuid = {E2D8957F-3076-4EF8-A1F7-486FC4C4E3C9}
	EndGlobalSection
EndGlobal
